
Microsoft Visual Studio Solution File, Format Version 12.00
# Visual Studio Version 16
VisualStudioVersion = 16.0.29920.165
MinimumVisualStudioVersion = 10.0.40219.1
Project("{FAE04EC0-301F-11D3-BF4B-00C04F79EFBC}") = "Veginder", "Veginder\Veginder.csproj", "{FBD2740C-093E-46A7-841C-B03887FF6C50}"
EndProject
Global
	GlobalSection(SolutionConfigurationPlatforms) = preSolution
		Debug|Any CPU = Debug|Any CPU
		Release|Any CPU = Release|Any CPU
	EndGlobalSection
	GlobalSection(ProjectConfigurationPlatforms) = postSolution
		{FBD2740C-093E-46A7-841C-B03887FF6C50}.Debug|Any CPU.ActiveCfg = Debug|Any CPU
		{FBD2740C-093E-46A7-841C-B03887FF6C50}.Debug|Any CPU.Build.0 = Debug|Any CPU
		{FBD2740C-093E-46A7-841C-B03887FF6C50}.Release|Any CPU.ActiveCfg = Release|Any CPU
		{FBD2740C-093E-46A7-841C-B03887FF6C50}.Release|Any CPU.Build.0 = Release|Any CPU
	EndGlobalSection
	GlobalSection(SolutionProperties) = preSolution
		HideSolutionNode = FALSE
	EndGlobalSection
	GlobalSection(ExtensibilityGlobals) = postSolution
		SolutionGuid = {9355C14A-0322-439B-91C2-52A694558BF3}
	EndGlobalSection
EndGlobal
